
Microsoft Visual Studio Solution File, Format Version 12.00
# Visual Studio Version 16
VisualStudioVersion = 25.0.1706.8
MinimumVisualStudioVersion = 10.0.40219.1
Project("{FAE04EC0-301F-11D3-BF4B-00C04F79EFBC}") = "BankingApp", "Banking_App\BankingApp.csproj", "{2CD98126-91C2-41F1-9609-2CFBE49EF2C7}"
EndProject
Project("{FAE04EC0-301F-11D3-BF4B-00C04F79EFBC}") = "BankingAppTests", "BankingAppTests\BankingAppTests.csproj", "{4B2BC73F-874C-4A1C-BBBE-3161CEA4C90C}"
EndProject
Global
	GlobalSection(SolutionConfigurationPlatforms) = preSolution
		Debug|Any CPU = Debug|Any CPU
		Release|Any CPU = Release|Any CPU
	EndGlobalSection
	GlobalSection(ProjectConfigurationPlatforms) = postSolution
		{2CD98126-91C2-41F1-9609-2CFBE49EF2C7}.Debug|Any CPU.ActiveCfg = Debug|Any CPU
		{2CD98126-91C2-41F1-9609-2CFBE49EF2C7}.Debug|Any CPU.Build.0 = Debug|Any CPU
		{2CD98126-91C2-41F1-9609-2CFBE49EF2C7}.Release|Any CPU.ActiveCfg = Release|Any CPU
		{2CD98126-91C2-41F1-9609-2CFBE49EF2C7}.Release|Any CPU.Build.0 = Release|Any CPU
		{4B2BC73F-874C-4A1C-BBBE-3161CEA4C90C}.Debug|Any CPU.ActiveCfg = Debug|Any CPU
		{4B2BC73F-874C-4A1C-BBBE-3161CEA4C90C}.Debug|Any CPU.Build.0 = Debug|Any CPU
		{4B2BC73F-874C-4A1C-BBBE-3161CEA4C90C}.Release|Any CPU.ActiveCfg = Release|Any CPU
		{4B2BC73F-874C-4A1C-BBBE-3161CEA4C90C}.Release|Any CPU.Build.0 = Release|Any CPU
	EndGlobalSection
	GlobalSection(SolutionProperties) = preSolution
		HideSolutionNode = FALSE
	EndGlobalSection
	GlobalSection(ExtensibilityGlobals) = postSolution
		SolutionGuid = {302C748D-A545-4AFE-AADB-85A53EC6AC35}
	EndGlobalSection
EndGlobal
